
Microsoft Visual Studio Solution File, Format Version 12.00
# Visual Studio Version 17
VisualStudioVersion = 17.6.33829.357
MinimumVisualStudioVersion = 10.0.40219.1
Project("{FAE04EC0-301F-11D3-BF4B-00C04F79EFBC}") = "receipt-processor", "receipt-processor\receipt-processor.csproj", "{D91445DF-416C-477B-ACC2-41C991BE2A44}"
EndProject
Global
	GlobalSection(SolutionConfigurationPlatforms) = preSolution
		Debug|Any CPU = Debug|Any CPU
		Release|Any CPU = Release|Any CPU
	EndGlobalSection
	GlobalSection(ProjectConfigurationPlatforms) = postSolution
		{D91445DF-416C-477B-ACC2-41C991BE2A44}.Debug|Any CPU.ActiveCfg = Debug|Any CPU
		{D91445DF-416C-477B-ACC2-41C991BE2A44}.Debug|Any CPU.Build.0 = Debug|Any CPU
		{D91445DF-416C-477B-ACC2-41C991BE2A44}.Release|Any CPU.ActiveCfg = Release|Any CPU
		{D91445DF-416C-477B-ACC2-41C991BE2A44}.Release|Any CPU.Build.0 = Release|Any CPU
	EndGlobalSection
	GlobalSection(SolutionProperties) = preSolution
		HideSolutionNode = FALSE
	EndGlobalSection
	GlobalSection(ExtensibilityGlobals) = postSolution
		SolutionGuid = {AA7DDD0A-912F-4518-98C0-801FC2BCA079}
	EndGlobalSection
EndGlobal
